// !$*UTF8*$!
{
	archiveVersion = 1;
	classes = {
	};
	objectVersion = 77;
	objects = {

/* Begin PBXBuildFile section */
		74379B3E2EDEF8D100811EC0 /* FirebaseAuth in Frameworks */ = {isa = PBXBuildFile; productRef = 74379B3D2EDEF8D100811EC0 /* FirebaseAuth */; };
		74379B402EDEF8D100811EC0 /* FirebaseFirestore in Frameworks */ = {isa = PBXBuildFile; productRef = 74379B3F2EDEF8D100811EC0 /* FirebaseFirestore */; };
		74379B422EDF06EE00811EC0 /* GoogleService-Info.plist in Resources */ = {isa = PBXBuildFile; fileRef = 74379B412EDF06EE00811EC0 /* GoogleService-Info.plist */; };
/* End PBXBuildFile section */

/* Begin PBXContainerItemProxy section */
		7408D30E2EDD955700127ECD /* PBXContainerItemProxy */ = {
			isa = PBXContainerItemProxy;
			containerPortal = 7408D2F62EDD955600127ECD /* Project object */;
			proxyType = 1;
			remoteGlobalIDString = 7408D2FD2EDD955600127ECD;
			remoteInfo = "Smart Invoice";
		};
		7408D3182EDD955700127ECD /* PBXContainerItemProxy */ = {
			isa = PBXContainerItemProxy;
			containerPortal = 7408D2F62EDD955600127ECD /* Project object */;
			proxyType = 1;
			remoteGlobalIDString = 7408D2FD2EDD955600127ECD;
			remoteInfo = "Smart Invoice";
		};
/* End PBXContainerItemProxy section */

/* Begin PBXFileReference section */
		7408D2FE2EDD955600127ECD /* Smart Invoice.app */ = {isa = PBXFileReference; explicitFileType = wrapper.application; includeInIndex = 0; path = "Smart Invoice.app"; sourceTree = BUILT_PRODUCTS_DIR; };
		7408D30D2EDD955700127ECD /* Smart InvoiceTests.xctest */ = {isa = PBXFileReference; explicitFileType = wrapper.cfbundle; includeInIndex = 0; path = "Smart InvoiceTests.xctest"; sourceTree = BUILT_PRODUCTS_DIR; };
		7408D3172EDD955700127ECD /* Smart InvoiceUITests.xctest */ = {isa = PBXFileReference; explicitFileType = wrapper.cfbundle; includeInIndex = 0; path = "Smart InvoiceUITests.xctest"; sourceTree = BUILT_PRODUCTS_DIR; };
		74379B412EDF06EE00811EC0 /* GoogleService-Info.plist */ = {isa = PBXFileReference; lastKnownFileType = text.plist.xml; path = "GoogleService-Info.plist"; sourceTree = "<group>"; };
/* End PBXFileReference section */

/* Begin PBXFileSystemSynchronizedRootGroup section */
		7408D3002EDD955600127ECD /* Smart Invoice */ = {
			isa = PBXFileSystemSynchronizedRootGroup;
			path = "Smart Invoice";
			sourceTree = "<group>";
		};
		7408D3102EDD955700127ECD /* Smart InvoiceTests */ = {
			isa = PBXFileSystemSynchronizedRootGroup;
			path = "Smart InvoiceTests";
			sourceTree = "<group>";
		};
		7408D31A2EDD955700127ECD /* Smart InvoiceUITests */ = {
			isa = PBXFileSystemSynchronizedRootGroup;
			path = "Smart InvoiceUITests";
			sourceTree = "<group>";
		};
/* End PBXFileSystemSynchronizedRootGroup section */

/* Begin PBXFrameworksBuildPhase section */
		7408D2FB2EDD955600127ECD /* Frameworks */ = {
			isa = PBXFrameworksBuildPhase;
			buildActionMask = 2147483647;
			files = (
				74379B3E2EDEF8D100811EC0 /* FirebaseAuth in Frameworks */,
				74379B402EDEF8D100811EC0 /* FirebaseFirestore in Frameworks */,
			);
			runOnlyForDeploymentPostprocessing = 0;
		};
		7408D30A2EDD955700127ECD /* Frameworks */ = {
			isa = PBXFrameworksBuildPhase;
			buildActionMask = 2147483647;
			files = (
			);
			runOnlyForDeploymentPostprocessing = 0;
		};
		7408D3142EDD955700127ECD /* Frameworks */ = {
			isa = PBXFrameworksBuildPhase;
			buildActionMask = 2147483647;
			files = (
			);
			runOnlyForDeploymentPostprocessing = 0;
		};
/* End PBXFrameworksBuildPhase section */

/* Begin PBXGroup section */
		7408D2F52EDD955600127ECD = {
			isa = PBXGroup;
			children = (
				7408D3002EDD955600127ECD /* Smart Invoice */,
				7408D3102EDD955700127ECD /* Smart InvoiceTests */,
				7408D31A2EDD955700127ECD /* Smart InvoiceUITests */,
				74379B3B2EDEF74100811EC0 /* Frameworks */,
				7408D2FF2EDD955600127ECD /* Products */,
				74379B412EDF06EE00811EC0 /* GoogleService-Info.plist */,
			);
			sourceTree = "<group>";
		};
		7408D2FF2EDD955600127ECD /* Products */ = {
			isa = PBXGroup;
			children = (
				7408D2FE2EDD955600127ECD /* Smart Invoice.app */,
				7408D30D2EDD955700127ECD /* Smart InvoiceTests.xctest */,
				7408D3172EDD955700127ECD /* Smart InvoiceUITests.xctest */,
			);
			name = Products;
			sourceTree = "<group>";
		};
		74379B3B2EDEF74100811EC0 /* Frameworks */ = {
			isa = PBXGroup;
			children = (
			);
			name = Frameworks;
			sourceTree = "<group>";
		};
/* End PBXGroup section */

/* Begin PBXNativeTarget section */
		7408D2FD2EDD955600127ECD /* Smart Invoice */ = {
			isa = PBXNativeTarget;
			buildConfigurationList = 7408D3212EDD955700127ECD /* Build configuration list for PBXNativeTarget "Smart Invoice" */;
			buildPhases = (
				7408D2FA2EDD955600127ECD /* Sources */,
				7408D2FB2EDD955600127ECD /* Frameworks */,
				7408D2FC2EDD955600127ECD /* Resources */,
			);
			buildRules = (
			);
			dependencies = (
			);
			fileSystemSynchronizedGroups = (
				7408D3002EDD955600127ECD /* Smart Invoice */,
			);
			name = "Smart Invoice";
			packageProductDependencies = (
				74379B3D2EDEF8D100811EC0 /* FirebaseAuth */,
				74379B3F2EDEF8D100811EC0 /* FirebaseFirestore */,
			);
			productName = "Smart Invoice";
			productReference = 7408D2FE2EDD955600127ECD /* Smart Invoice.app */;
			productType = "com.apple.product-type.application";
		};
		7408D30C2EDD955700127ECD /* Smart InvoiceTests */ = {
			isa = PBXNativeTarget;
			buildConfigurationList = 7408D3242EDD955700127ECD /* Build configuration list for PBXNativeTarget "Smart InvoiceTests" */;
			buildPhases = (
				7408D3092EDD955700127ECD /* Sources */,
				7408D30A2EDD955700127ECD /* Frameworks */,
				7408D30B2EDD955700127ECD /* Resources */,
			);
			buildRules = (
			);
			dependencies = (
				7408D30F2EDD955700127ECD /* PBXTargetDependency */,
			);
			fileSystemSynchronizedGroups = (
				7408D3102EDD955700127ECD /* Smart InvoiceTests */,
			);
			name = "Smart InvoiceTests";
			packageProductDependencies = (
			);
			productName = "Smart InvoiceTests";
			productReference = 7408D30D2EDD955700127ECD /* Smart InvoiceTests.xctest */;
			productType = "com.apple.product-type.bundle.unit-test";
		};
		7408D3162EDD955700127ECD /* Smart InvoiceUITests */ = {
			isa = PBXNativeTarget;
			buildConfigurationList = 7408D3272EDD955700127ECD /* Build configuration list for PBXNativeTarget "Smart InvoiceUITests" */;
			buildPhases = (
				7408D3132EDD955700127ECD /* Sources */,
				7408D3142EDD955700127ECD /* Frameworks */,
				7408D3152EDD955700127ECD /* Resources */,
			);
			buildRules = (
			);
			dependencies = (
				7408D3192EDD955700127ECD /* PBXTargetDependency */,
			);
			fileSystemSynchronizedGroups = (
				7408D31A2EDD955700127ECD /* Smart InvoiceUITests */,
			);
			name = "Smart InvoiceUITests";
			packageProductDependencies = (
			);
			productName = "Smart InvoiceUITests";
			productReference = 7408D3172EDD955700127ECD /* Smart InvoiceUITests.xctest */;
			productType = "com.apple.product-type.bundle.ui-testing";
		};
/* End PBXNativeTarget section */

/* Begin PBXProject section */
		7408D2F62EDD955600127ECD /* Project object */ = {
			isa = PBXProject;
			attributes = {
				BuildIndependentTargetsInParallel = 1;
				LastSwiftUpdateCheck = 2610;
				LastUpgradeCheck = 2620;
				TargetAttributes = {
					7408D2FD2EDD955600127ECD = {
						CreatedOnToolsVersion = 26.1.1;
					};
					7408D30C2EDD955700127ECD = {
						CreatedOnToolsVersion = 26.1.1;
						TestTargetID = 7408D2FD2EDD955600127ECD;
					};
					7408D3162EDD955700127ECD = {
						CreatedOnToolsVersion = 26.1.1;
						TestTargetID = 7408D2FD2EDD955600127ECD;
					};
				};
			};
			buildConfigurationList = 7408D2F92EDD955600127ECD /* Build configuration list for PBXProject "Smart Invoice" */;
			developmentRegion = en;
			hasScannedForEncodings = 0;
			knownRegions = (
				en,
				Base,
			);
			mainGroup = 7408D2F52EDD955600127ECD;
			minimizedProjectReferenceProxies = 1;
			packageReferences = (
				74379B3C2EDEF8D100811EC0 /* XCRemoteSwiftPackageReference "firebase-ios-sdk" */,
			);
			preferredProjectObjectVersion = 77;
			productRefGroup = 7408D2FF2EDD955600127ECD /* Products */;
			projectDirPath = "";
			projectRoot = "";
			targets = (
				7408D2FD2EDD955600127ECD /* Smart Invoice */,
				7408D30C2EDD955700127ECD /* Smart InvoiceTests */,
				7408D3162EDD955700127ECD /* Smart InvoiceUITests */,
			);
		};
/* End PBXProject section */

/* Begin PBXResourcesBuildPhase section */
		7408D2FC2EDD955600127ECD /* Resources */ = {
			isa = PBXResourcesBuildPhase;
			buildActionMask = 2147483647;
			files = (
				74379B422EDF06EE00811EC0 /* GoogleService-Info.plist in Resources */,
			);
			runOnlyForDeploymentPostprocessing = 0;
		};
		7408D30B2EDD955700127ECD /* Resources */ = {
			isa = PBXResourcesBuildPhase;
			buildActionMask = 2147483647;
			files = (
			);
			runOnlyForDeploymentPostprocessing = 0;
		};
		7408D3152EDD955700127ECD /* Resources */ = {
			isa = PBXResourcesBuildPhase;
			buildActionMask = 2147483647;
			files = (
			);
			runOnlyForDeploymentPostprocessing = 0;
		};
/* End PBXResourcesBuildPhase section */

/* Begin PBXSourcesBuildPhase section */
		7408D2FA2EDD955600127ECD /* Sources */ = {
			isa = PBXSourcesBuildPhase;
			buildActionMask = 2147483647;
			files = (
			);
			runOnlyForDeploymentPostprocessing = 0;
		};
		7408D3092EDD955700127ECD /* Sources */ = {
			isa = PBXSourcesBuildPhase;
			buildActionMask = 2147483647;
			files = (
			);
			runOnlyForDeploymentPostprocessing = 0;
		};
		7408D3132EDD955700127ECD /* Sources */ = {
			isa = PBXSourcesBuildPhase;
			buildActionMask = 2147483647;
			files = (
			);
			runOnlyForDeploymentPostprocessing = 0;
		};
/* End PBXSourcesBuildPhase section */

/* Begin PBXTargetDependency section */
		7408D30F2EDD955700127ECD /* PBXTargetDependency */ = {
			isa = PBXTargetDependency;
			target = 7408D2FD2EDD955600127ECD /* Smart Invoice */;
			targetProxy = 7408D30E2EDD955700127ECD /* PBXContainerItemProxy */;
		};
		7408D3192EDD955700127ECD /* PBXTargetDependency */ = {
			isa = PBXTargetDependency;
			target = 7408D2FD2EDD955600127ECD /* Smart Invoice */;
			targetProxy = 7408D3182EDD955700127ECD /* PBXContainerItemProxy */;
		};
/* End PBXTargetDependency section */

/* Begin XCBuildConfiguration section */
		7408D31F2EDD955700127ECD /* Debug */ = {
			isa = XCBuildConfiguration;
			buildSettings = {
				ALWAYS_SEARCH_USER_PATHS = NO;
				ASSETCATALOG_COMPILER_GENERATE_SWIFT_ASSET_SYMBOL_EXTENSIONS = YES;
				CLANG_ANALYZER_NONNULL = YES;
				CLANG_ANALYZER_NUMBER_OBJECT_CONVERSION = YES_AGGRESSIVE;
				CLANG_CXX_LANGUAGE_STANDARD = "gnu++20";
				CLANG_ENABLE_MODULES = YES;
				CLANG_ENABLE_OBJC_ARC = YES;
				CLANG_ENABLE_OBJC_WEAK = YES;
				CLANG_WARN_BLOCK_CAPTURE_AUTORELEASING = YES;
				CLANG_WARN_BOOL_CONVERSION = YES;
				CLANG_WARN_COMMA = YES;
				CLANG_WARN_CONSTANT_CONVERSION = YES;
				CLANG_WARN_DEPRECATED_OBJC_IMPLEMENTATIONS = YES;
				CLANG_WARN_DIRECT_OBJC_ISA_USAGE = YES_ERROR;
				CLANG_WARN_DOCUMENTATION_COMMENTS = YES;
				CLANG_WARN_EMPTY_BODY = YES;
				CLANG_WARN_ENUM_CONVERSION = YES;
				CLANG_WARN_INFINITE_RECURSION = YES;
				CLANG_WARN_INT_CONVERSION = YES;
				CLANG_WARN_NON_LITERAL_NULL_CONVERSION = YES;
				CLANG_WARN_OBJC_IMPLICIT_RETAIN_SELF = YES;
				CLANG_WARN_OBJC_LITERAL_CONVERSION = YES;
				CLANG_WARN_OBJC_ROOT_CLASS = YES_ERROR;
				CLANG_WARN_QUOTED_INCLUDE_IN_FRAMEWORK_HEADER = YES;
				CLANG_WARN_RANGE_LOOP_ANALYSIS = YES;
				CLANG_WARN_STRICT_PROTOTYPES = YES;
				CLANG_WARN_SUSPICIOUS_MOVE = YES;
				CLANG_WARN_UNGUARDED_AVAILABILITY = YES_AGGRESSIVE;
				CLANG_WARN_UNREACHABLE_CODE = YES;
				CLANG_WARN__DUPLICATE_METHOD_MATCH = YES;
				COPY_PHASE_STRIP = NO;
				DEBUG_INFORMATION_FORMAT = dwarf;
				DEVELOPMENT_TEAM = 2TPHQV67NJ;
				ENABLE_STRICT_OBJC_MSGSEND = YES;
				ENABLE_TESTABILITY = YES;
				ENABLE_USER_SCRIPT_SANDBOXING = YES;
				GCC_C_LANGUAGE_STANDARD = gnu17;
				GCC_DYNAMIC_NO_PIC = NO;
				GCC_NO_COMMON_BLOCKS = YES;
				GCC_OPTIMIZATION_LEVEL = 0;
				GCC_PREPROCESSOR_DEFINITIONS = (
					"DEBUG=1",
					"$(inherited)",
				);
				GCC_WARN_64_TO_32_BIT_CONVERSION = YES;
				GCC_WARN_ABOUT_RETURN_TYPE = YES_ERROR;
				GCC_WARN_UNDECLARED_SELECTOR = YES;
				GCC_WARN_UNINITIALIZED_AUTOS = YES_AGGRESSIVE;
				GCC_WARN_UNUSED_FUNCTION = YES;
				GCC_WARN_UNUSED_VARIABLE = YES;
				IPHONEOS_DEPLOYMENT_TARGET = 26.1;
				LOCALIZATION_PREFERS_STRING_CATALOGS = YES;
				MTL_ENABLE_DEBUG_INFO = INCLUDE_SOURCE;
				MTL_FAST_MATH = YES;
				ONLY_ACTIVE_ARCH = YES;
				SDKROOT = iphoneos;
				STRING_CATALOG_GENERATE_SYMBOLS = YES;
				SWIFT_ACTIVE_COMPILATION_CONDITIONS = "DEBUG $(inherited)";
				SWIFT_OPTIMIZATION_LEVEL = "-Onone";
			};
			name = Debug;
		};
		7408D3202EDD955700127ECD /* Release */ = {
			isa = XCBuildConfiguration;
			buildSettings = {
				ALWAYS_SEARCH_USER_PATHS = NO;
				ASSETCATALOG_COMPILER_GENERATE_SWIFT_ASSET_SYMBOL_EXTENSIONS = YES;
				CLANG_ANALYZER_NONNULL = YES;
				CLANG_ANALYZER_NUMBER_OBJECT_CONVERSION = YES_AGGRESSIVE;
				CLANG_CXX_LANGUAGE_STANDARD = "gnu++20";
				CLANG_ENABLE_MODULES = YES;
				CLANG_ENABLE_OBJC_ARC = YES;
				CLANG_ENABLE_OBJC_WEAK = YES;
				CLANG_WARN_BLOCK_CAPTURE_AUTORELEASING = YES;
				CLANG_WARN_BOOL_CONVERSION = YES;
				CLANG_WARN_COMMA = YES;
				CLANG_WARN_CONSTANT_CONVERSION = YES;
				CLANG_WARN_DEPRECATED_OBJC_IMPLEMENTATIONS = YES;
				CLANG_WARN_DIRECT_OBJC_ISA_USAGE = YES_ERROR;
				CLANG_WARN_DOCUMENTATION_COMMENTS = YES;
				CLANG_WARN_EMPTY_BODY = YES;
				CLANG_WARN_ENUM_CONVERSION = YES;
				CLANG_WARN_INFINITE_RECURSION = YES;
				CLANG_WARN_INT_CONVERSION = YES;
				CLANG_WARN_NON_LITERAL_NULL_CONVERSION = YES;
				CLANG_WARN_OBJC_IMPLICIT_RETAIN_SELF = YES;
				CLANG_WARN_OBJC_LITERAL_CONVERSION = YES;
				CLANG_WARN_OBJC_ROOT_CLASS = YES_ERROR;
				CLANG_WARN_QUOTED_INCLUDE_IN_FRAMEWORK_HEADER = YES;
				CLANG_WARN_RANGE_LOOP_ANALYSIS = YES;
				CLANG_WARN_STRICT_PROTOTYPES = YES;
				CLANG_WARN_SUSPICIOUS_MOVE = YES;
				CLANG_WARN_UNGUARDED_AVAILABILITY = YES_AGGRESSIVE;
				CLANG_WARN_UNREACHABLE_CODE = YES;
				CLANG_WARN__DUPLICATE_METHOD_MATCH = YES;
				COPY_PHASE_STRIP = NO;
				DEBUG_INFORMATION_FORMAT = "dwarf-with-dsym";
				DEVELOPMENT_TEAM = 2TPHQV67NJ;
				ENABLE_NS_ASSERTIONS = NO;
				ENABLE_STRICT_OBJC_MSGSEND = YES;
				ENABLE_USER_SCRIPT_SANDBOXING = YES;
				GCC_C_LANGUAGE_STANDARD = gnu17;
				GCC_NO_COMMON_BLOCKS = YES;
				GCC_WARN_64_TO_32_BIT_CONVERSION = YES;
				GCC_WARN_ABOUT_RETURN_TYPE = YES_ERROR;
				GCC_WARN_UNDECLARED_SELECTOR = YES;
				GCC_WARN_UNINITIALIZED_AUTOS = YES_AGGRESSIVE;
				GCC_WARN_UNUSED_FUNCTION = YES;
				GCC_WARN_UNUSED_VARIABLE = YES;
				IPHONEOS_DEPLOYMENT_TARGET = 26.1;
				LOCALIZATION_PREFERS_STRING_CATALOGS = YES;
				MTL_ENABLE_DEBUG_INFO = NO;
				MTL_FAST_MATH = YES;
				SDKROOT = iphoneos;
				STRING_CATALOG_GENERATE_SYMBOLS = YES;
				SWIFT_COMPILATION_MODE = wholemodule;
				VALIDATE_PRODUCT = YES;
			};
			name = Release;
		};
		7408D3222EDD955700127ECD /* Debug */ = {
			isa = XCBuildConfiguration;
			buildSettings = {
				ASSETCATALOG_COMPILER_APPICON_NAME = AppIcon;
				ASSETCATALOG_COMPILER_GLOBAL_ACCENT_COLOR_NAME = AccentColor;
				CODE_SIGN_ENTITLEMENTS = "Smart Invoice/Smart Invoice.entitlements";
				CODE_SIGN_STYLE = Automatic;
				CURRENT_PROJECT_VERSION = 1;
				DEVELOPMENT_TEAM = 2TPHQV67NJ;
				ENABLE_PREVIEWS = YES;
				GENERATE_INFOPLIST_FILE = YES;
				INFOPLIST_FILE = "Smart-Invoice-Info.plist";
				INFOPLIST_KEY_LSSupportsOpeningDocumentsInPlace = YES;
				INFOPLIST_KEY_NSCameraUsageDescription = "Fatura ve fişlerinizi taramak için kamera erişimi gereklidir.";
				INFOPLIST_KEY_NSPhotoLibraryUsageDescription = "Galerinizdeki fatura fotoğraflarını yüklemek için izin gereklidir.";
				INFOPLIST_KEY_UIApplicationSceneManifest_Generation = YES;
				INFOPLIST_KEY_UIApplicationSupportsIndirectInputEvents = YES;
				INFOPLIST_KEY_UILaunchScreen_Generation = YES;
				INFOPLIST_KEY_UISupportedInterfaceOrientations_iPad = "UIInterfaceOrientationPortrait UIInterfaceOrientationPortraitUpsideDown UIInterfaceOrientationLandscapeLeft UIInterfaceOrientationLandscapeRight";
				INFOPLIST_KEY_UISupportedInterfaceOrientations_iPhone = "UIInterfaceOrientationPortrait UIInterfaceOrientationLandscapeLeft UIInterfaceOrientationLandscapeRight";
				LD_RUNPATH_SEARCH_PATHS = (
					"$(inherited)",
					"@executable_path/Frameworks",
				);
				MARKETING_VERSION = 1.0;
				PRODUCT_BUNDLE_IDENTIFIER = "com.bilalelmas.Smart-Invoice";
				PRODUCT_NAME = "$(TARGET_NAME)";
				STRING_CATALOG_GENERATE_SYMBOLS = YES;
				SWIFT_APPROACHABLE_CONCURRENCY = YES;
				SWIFT_DEFAULT_ACTOR_ISOLATION = MainActor;
				SWIFT_EMIT_LOC_STRINGS = YES;
				SWIFT_UPCOMING_FEATURE_MEMBER_IMPORT_VISIBILITY = YES;
				SWIFT_VERSION = 5.0;
				TARGETED_DEVICE_FAMILY = "1,2";
			};
			name = Debug;
		};
		7408D3232EDD955700127ECD /* Release */ = {
			isa = XCBuildConfiguration;
			buildSettings = {
				ASSETCATALOG_COMPILER_APPICON_NAME = AppIcon;
				ASSETCATALOG_COMPILER_GLOBAL_ACCENT_COLOR_NAME = AccentColor;
				CODE_SIGN_ENTITLEMENTS = "Smart Invoice/Smart Invoice.entitlements";
				CODE_SIGN_STYLE = Automatic;
				CURRENT_PROJECT_VERSION = 1;
				DEVELOPMENT_TEAM = 2TPHQV67NJ;
				ENABLE_PREVIEWS = YES;
				GENERATE_INFOPLIST_FILE = YES;
				INFOPLIST_FILE = "Smart-Invoice-Info.plist";
				INFOPLIST_KEY_LSSupportsOpeningDocumentsInPlace = YES;
				INFOPLIST_KEY_NSCameraUsageDescription = "Fatura ve fişlerinizi taramak için kamera erişimi gereklidir.";
				INFOPLIST_KEY_NSPhotoLibraryUsageDescription = "Galerinizdeki fatura fotoğraflarını yüklemek için izin gereklidir.";
				INFOPLIST_KEY_UIApplicationSceneManifest_Generation = YES;
				INFOPLIST_KEY_UIApplicationSupportsIndirectInputEvents = YES;
				INFOPLIST_KEY_UILaunchScreen_Generation = YES;
				INFOPLIST_KEY_UISupportedInterfaceOrientations_iPad = "UIInterfaceOrientationPortrait UIInterfaceOrientationPortraitUpsideDown UIInterfaceOrientationLandscapeLeft UIInterfaceOrientationLandscapeRight";
				INFOPLIST_KEY_UISupportedInterfaceOrientations_iPhone = "UIInterfaceOrientationPortrait UIInterfaceOrientationLandscapeLeft UIInterfaceOrientationLandscapeRight";
				LD_RUNPATH_SEARCH_PATHS = (
					"$(inherited)",
					"@executable_path/Frameworks",
				);
				MARKETING_VERSION = 1.0;
				PRODUCT_BUNDLE_IDENTIFIER = "com.bilalelmas.Smart-Invoice";
				PRODUCT_NAME = "$(TARGET_NAME)";
				STRING_CATALOG_GENERATE_SYMBOLS = YES;
				SWIFT_APPROACHABLE_CONCURRENCY = YES;
				SWIFT_DEFAULT_ACTOR_ISOLATION = MainActor;
				SWIFT_EMIT_LOC_STRINGS = YES;
				SWIFT_UPCOMING_FEATURE_MEMBER_IMPORT_VISIBILITY = YES;
				SWIFT_VERSION = 5.0;
				TARGETED_DEVICE_FAMILY = "1,2";
			};
			name = Release;
		};
		7408D3252EDD955700127ECD /* Debug */ = {
			isa = XCBuildConfiguration;
			buildSettings = {
				BUNDLE_LOADER = "$(TEST_HOST)";
				CODE_SIGN_STYLE = Automatic;
				CURRENT_PROJECT_VERSION = 1;
				DEVELOPMENT_TEAM = 2TPHQV67NJ;
				GENERATE_INFOPLIST_FILE = YES;
				IPHONEOS_DEPLOYMENT_TARGET = 26.1;
				MARKETING_VERSION = 1.0;
				PRODUCT_BUNDLE_IDENTIFIER = "com.bilalelmas.Smart-InvoiceTests";
				PRODUCT_NAME = "$(TARGET_NAME)";
				STRING_CATALOG_GENERATE_SYMBOLS = NO;
				SWIFT_APPROACHABLE_CONCURRENCY = YES;
				SWIFT_EMIT_LOC_STRINGS = NO;
				SWIFT_UPCOMING_FEATURE_MEMBER_IMPORT_VISIBILITY = YES;
				SWIFT_VERSION = 5.0;
				TARGETED_DEVICE_FAMILY = "1,2";
				TEST_HOST = "$(BUILT_PRODUCTS_DIR)/Smart Invoice.app/$(BUNDLE_EXECUTABLE_FOLDER_PATH)/Smart Invoice";
			};
			name = Debug;
		};
		7408D3262EDD955700127ECD /* Release */ = {
			isa = XCBuildConfiguration;
			buildSettings = {
				BUNDLE_LOADER = "$(TEST_HOST)";
				CODE_SIGN_STYLE = Automatic;
				CURRENT_PROJECT_VERSION = 1;
				DEVELOPMENT_TEAM = 2TPHQV67NJ;
				GENERATE_INFOPLIST_FILE = YES;
				IPHONEOS_DEPLOYMENT_TARGET = 26.1;
				MARKETING_VERSION = 1.0;
				PRODUCT_BUNDLE_IDENTIFIER = "com.bilalelmas.Smart-InvoiceTests";
				PRODUCT_NAME = "$(TARGET_NAME)";
				STRING_CATALOG_GENERATE_SYMBOLS = NO;
				SWIFT_APPROACHABLE_CONCURRENCY = YES;
				SWIFT_EMIT_LOC_STRINGS = NO;
				SWIFT_UPCOMING_FEATURE_MEMBER_IMPORT_VISIBILITY = YES;
				SWIFT_VERSION = 5.0;
				TARGETED_DEVICE_FAMILY = "1,2";
				TEST_HOST = "$(BUILT_PRODUCTS_DIR)/Smart Invoice.app/$(BUNDLE_EXECUTABLE_FOLDER_PATH)/Smart Invoice";
			};
			name = Release;
		};
		7408D3282EDD955700127ECD /* Debug */ = {
			isa = XCBuildConfiguration;
			buildSettings = {
				CODE_SIGN_STYLE = Automatic;
				CURRENT_PROJECT_VERSION = 1;
				DEVELOPMENT_TEAM = 2TPHQV67NJ;
				GENERATE_INFOPLIST_FILE = YES;
				MARKETING_VERSION = 1.0;
				PRODUCT_BUNDLE_IDENTIFIER = "com.bilalelmas.Smart-InvoiceUITests";
				PRODUCT_NAME = "$(TARGET_NAME)";
				STRING_CATALOG_GENERATE_SYMBOLS = NO;
				SWIFT_APPROACHABLE_CONCURRENCY = YES;
				SWIFT_EMIT_LOC_STRINGS = NO;
				SWIFT_UPCOMING_FEATURE_MEMBER_IMPORT_VISIBILITY = YES;
				SWIFT_VERSION = 5.0;
				TARGETED_DEVICE_FAMILY = "1,2";
				TEST_TARGET_NAME = "Smart Invoice";
			};
			name = Debug;
		};
		7408D3292EDD955700127ECD /* Release */ = {
			isa = XCBuildConfiguration;
			buildSettings = {
				CODE_SIGN_STYLE = Automatic;
				CURRENT_PROJECT_VERSION = 1;
				DEVELOPMENT_TEAM = 2TPHQV67NJ;
				GENERATE_INFOPLIST_FILE = YES;
				MARKETING_VERSION = 1.0;
				PRODUCT_BUNDLE_IDENTIFIER = "com.bilalelmas.Smart-InvoiceUITests";
				PRODUCT_NAME = "$(TARGET_NAME)";
				STRING_CATALOG_GENERATE_SYMBOLS = NO;
				SWIFT_APPROACHABLE_CONCURRENCY = YES;
				SWIFT_EMIT_LOC_STRINGS = NO;
				SWIFT_UPCOMING_FEATURE_MEMBER_IMPORT_VISIBILITY = YES;
				SWIFT_VERSION = 5.0;
				TARGETED_DEVICE_FAMILY = "1,2";
				TEST_TARGET_NAME = "Smart Invoice";
			};
			name = Release;
		};
/* End XCBuildConfiguration section */

/* Begin XCConfigurationList section */
		7408D2F92EDD955600127ECD /* Build configuration list for PBXProject "Smart Invoice" */ = {
			isa = XCConfigurationList;
			buildConfigurations = (
				7408D31F2EDD955700127ECD /* Debug */,
				7408D3202EDD955700127ECD /* Release */,
			);
			defaultConfigurationIsVisible = 0;
			defaultConfigurationName = Release;
		};
		7408D3212EDD955700127ECD /* Build configuration list for PBXNativeTarget "Smart Invoice" */ = {
			isa = XCConfigurationList;
			buildConfigurations = (
				7408D3222EDD955700127ECD /* Debug */,
				7408D3232EDD955700127ECD /* Release */,
			);
			defaultConfigurationIsVisible = 0;
			defaultConfigurationName = Release;
		};
		7408D3242EDD955700127ECD /* Build configuration list for PBXNativeTarget "Smart InvoiceTests" */ = {
			isa = XCConfigurationList;
			buildConfigurations = (
				7408D3252EDD955700127ECD /* Debug */,
				7408D3262EDD955700127ECD /* Release */,
			);
			defaultConfigurationIsVisible = 0;
			defaultConfigurationName = Release;
		};
		7408D3272EDD955700127ECD /* Build configuration list for PBXNativeTarget "Smart InvoiceUITests" */ = {
			isa = XCConfigurationList;
			buildConfigurations = (
				7408D3282EDD955700127ECD /* Debug */,
				7408D3292EDD955700127ECD /* Release */,
			);
			defaultConfigurationIsVisible = 0;
			defaultConfigurationName = Release;
		};
/* End XCConfigurationList section */

/* Begin XCRemoteSwiftPackageReference section */
		74379B3C2EDEF8D100811EC0 /* XCRemoteSwiftPackageReference "firebase-ios-sdk" */ = {
			isa = XCRemoteSwiftPackageReference;
			repositoryURL = "https://github.com/firebase/firebase-ios-sdk";
			requirement = {
				kind = upToNextMajorVersion;
				minimumVersion = 12.6.0;
			};
		};
/* End XCRemoteSwiftPackageReference section */

/* Begin XCSwiftPackageProductDependency section */
		74379B3D2EDEF8D100811EC0 /* FirebaseAuth */ = {
			isa = XCSwiftPackageProductDependency;
			package = 74379B3C2EDEF8D100811EC0 /* XCRemoteSwiftPackageReference "firebase-ios-sdk" */;
			productName = FirebaseAuth;
		};
		74379B3F2EDEF8D100811EC0 /* FirebaseFirestore */ = {
			isa = XCSwiftPackageProductDependency;
			package = 74379B3C2EDEF8D100811EC0 /* XCRemoteSwiftPackageReference "firebase-ios-sdk" */;
			productName = FirebaseFirestore;
		};
/* End XCSwiftPackageProductDependency section */
	};
	rootObject = 7408D2F62EDD955600127ECD /* Project object */;
}
